
Microsoft Visual Studio Solution File, Format Version 12.00
# Visual Studio Version 17
VisualStudioVersion = 17.7.34221.43
MinimumVisualStudioVersion = 10.0.40219.1
Project("{FAE04EC0-301F-11D3-BF4B-00C04F79EFBC}") = "AnswerForPE", "AnswerForPE\AnswerForPE.csproj", "{5CEFC626-7AD9-4DE6-A71A-EA78826BB1F2}"
EndProject
Global
	GlobalSection(SolutionConfigurationPlatforms) = preSolution
		Debug|Any CPU = Debug|Any CPU
		Release|Any CPU = Release|Any CPU
	EndGlobalSection
	GlobalSection(ProjectConfigurationPlatforms) = postSolution
		{5CEFC626-7AD9-4DE6-A71A-EA78826BB1F2}.Debug|Any CPU.ActiveCfg = Debug|Any CPU
		{5CEFC626-7AD9-4DE6-A71A-EA78826BB1F2}.Debug|Any CPU.Build.0 = Debug|Any CPU
		{5CEFC626-7AD9-4DE6-A71A-EA78826BB1F2}.Release|Any CPU.ActiveCfg = Release|Any CPU
		{5CEFC626-7AD9-4DE6-A71A-EA78826BB1F2}.Release|Any CPU.Build.0 = Release|Any CPU
	EndGlobalSection
	GlobalSection(SolutionProperties) = preSolution
		HideSolutionNode = FALSE
	EndGlobalSection
	GlobalSection(ExtensibilityGlobals) = postSolution
		SolutionGuid = {20BD4A34-3D90-49C2-878A-D111A01BA915}
	EndGlobalSection
EndGlobal
